dependencies:
  espressif/led_strip:
    component_hash: ed1d5c6113fa545e20c7be17e6e7c09d43b18fcb43068e2b2b27a412de6a405a
    source:
      service_url: https://api.components.espressif.com/
      type: service
    version: 2.5.2
  idf:
    component_hash: null
    source:
      type: idf
    version: 5.1.0
manifest_hash: cc3a36e0c4c6e3d3d1b8d6a529f9de4ef90444b75c27925a8872a83ce7c07ae2
target: esp32s3
version: 1.0.0
